
Microsoft Visual Studio Solution File, Format Version 12.00
# Visual Studio 15
VisualStudioVersion = 15.0.27703.2047
MinimumVisualStudioVersion = 10.0.40219.1
Project("{FAE04EC0-301F-11D3-BF4B-00C04F79EFBC}") = "TryAndCatchChallenge", "TryAndCatchChallenge\TryAndCatchChallenge.csproj", "{F068D729-2276-4BA0-9A2F-2245FE79972F}"
EndProject
Global
	GlobalSection(SolutionConfigurationPlatforms) = preSolution
		Debug|Any CPU = Debug|Any CPU
		Release|Any CPU = Release|Any CPU
	EndGlobalSection
	GlobalSection(ProjectConfigurationPlatforms) = postSolution
		{F068D729-2276-4BA0-9A2F-2245FE79972F}.Debug|Any CPU.ActiveCfg = Debug|Any CPU
		{F068D729-2276-4BA0-9A2F-2245FE79972F}.Debug|Any CPU.Build.0 = Debug|Any CPU
		{F068D729-2276-4BA0-9A2F-2245FE79972F}.Release|Any CPU.ActiveCfg = Release|Any CPU
		{F068D729-2276-4BA0-9A2F-2245FE79972F}.Release|Any CPU.Build.0 = Release|Any CPU
	EndGlobalSection
	GlobalSection(SolutionProperties) = preSolution
		HideSolutionNode = FALSE
	EndGlobalSection
	GlobalSection(ExtensibilityGlobals) = postSolution
		SolutionGuid = {639A592B-688F-4F5F-9D14-0C2493C37C08}
	EndGlobalSection
EndGlobal
