
Microsoft Visual Studio Solution File, Format Version 12.00
# Visual Studio 15
VisualStudioVersion = 15.0.27703.2047
MinimumVisualStudioVersion = 10.0.40219.1
Project("{FAE04EC0-301F-11D3-BF4B-00C04F79EFBC}") = "SwitchStatements", "SwitchStatements\SwitchStatements.csproj", "{4F0684A5-360A-4151-BEF5-1C0394D1EC37}"
EndProject
Global
	GlobalSection(SolutionConfigurationPlatforms) = preSolution
		Debug|Any CPU = Debug|Any CPU
		Release|Any CPU = Release|Any CPU
	EndGlobalSection
	GlobalSection(ProjectConfigurationPlatforms) = postSolution
		{4F0684A5-360A-4151-BEF5-1C0394D1EC37}.Debug|Any CPU.ActiveCfg = Debug|Any CPU
		{4F0684A5-360A-4151-BEF5-1C0394D1EC37}.Debug|Any CPU.Build.0 = Debug|Any CPU
		{4F0684A5-360A-4151-BEF5-1C0394D1EC37}.Release|Any CPU.ActiveCfg = Release|Any CPU
		{4F0684A5-360A-4151-BEF5-1C0394D1EC37}.Release|Any CPU.Build.0 = Release|Any CPU
	EndGlobalSection
	GlobalSection(SolutionProperties) = preSolution
		HideSolutionNode = FALSE
	EndGlobalSection
	GlobalSection(ExtensibilityGlobals) = postSolution
		SolutionGuid = {A4C87877-0180-4A77-9AC9-0DEE8B39C143}
	EndGlobalSection
EndGlobal
