
Microsoft Visual Studio Solution File, Format Version 12.00
# Visual Studio 15
VisualStudioVersion = 15.0.28010.2026
MinimumVisualStudioVersion = 10.0.40219.1
Project("{FAE04EC0-301F-11D3-BF4B-00C04F79EFBC}") = "InheritanceChallenge", "InheritanceChallenge\InheritanceChallenge.csproj", "{C5071115-77E7-426E-B703-7FD491E219D4}"
EndProject
Global
	GlobalSection(SolutionConfigurationPlatforms) = preSolution
		Debug|Any CPU = Debug|Any CPU
		Release|Any CPU = Release|Any CPU
	EndGlobalSection
	GlobalSection(ProjectConfigurationPlatforms) = postSolution
		{C5071115-77E7-426E-B703-7FD491E219D4}.Debug|Any CPU.ActiveCfg = Debug|Any CPU
		{C5071115-77E7-426E-B703-7FD491E219D4}.Debug|Any CPU.Build.0 = Debug|Any CPU
		{C5071115-77E7-426E-B703-7FD491E219D4}.Release|Any CPU.ActiveCfg = Release|Any CPU
		{C5071115-77E7-426E-B703-7FD491E219D4}.Release|Any CPU.Build.0 = Release|Any CPU
	EndGlobalSection
	GlobalSection(SolutionProperties) = preSolution
		HideSolutionNode = FALSE
	EndGlobalSection
	GlobalSection(ExtensibilityGlobals) = postSolution
		SolutionGuid = {8EE1E22B-ADB8-406C-8866-A36273DF0074}
	EndGlobalSection
EndGlobal
