
Microsoft Visual Studio Solution File, Format Version 12.00
# Visual Studio 15
VisualStudioVersion = 15.0.28010.2026
MinimumVisualStudioVersion = 10.0.40219.1
Project("{FAE04EC0-301F-11D3-BF4B-00C04F79EFBC}") = "Interfaces", "Interfaces\Interfaces.csproj", "{788CD509-8C06-4155-93BE-00FD223E3A3D}"
EndProject
Global
	GlobalSection(SolutionConfigurationPlatforms) = preSolution
		Debug|Any CPU = Debug|Any CPU
		Release|Any CPU = Release|Any CPU
	EndGlobalSection
	GlobalSection(ProjectConfigurationPlatforms) = postSolution
		{788CD509-8C06-4155-93BE-00FD223E3A3D}.Debug|Any CPU.ActiveCfg = Debug|Any CPU
		{788CD509-8C06-4155-93BE-00FD223E3A3D}.Debug|Any CPU.Build.0 = Debug|Any CPU
		{788CD509-8C06-4155-93BE-00FD223E3A3D}.Release|Any CPU.ActiveCfg = Release|Any CPU
		{788CD509-8C06-4155-93BE-00FD223E3A3D}.Release|Any CPU.Build.0 = Release|Any CPU
	EndGlobalSection
	GlobalSection(SolutionProperties) = preSolution
		HideSolutionNode = FALSE
	EndGlobalSection
	GlobalSection(ExtensibilityGlobals) = postSolution
		SolutionGuid = {8C962682-71C7-464A-B088-FEA5F00F1B4D}
	EndGlobalSection
EndGlobal
