
Microsoft Visual Studio Solution File, Format Version 12.00
# Visual Studio 15
VisualStudioVersion = 15.0.28010.2036
MinimumVisualStudioVersion = 10.0.40219.1
Project("{FAE04EC0-301F-11D3-BF4B-00C04F79EFBC}") = "Structs", "Structs\Structs.csproj", "{1097DF80-13CC-4A89-A67D-B34447C505F0}"
EndProject
Global
	GlobalSection(SolutionConfigurationPlatforms) = preSolution
		Debug|Any CPU = Debug|Any CPU
		Release|Any CPU = Release|Any CPU
	EndGlobalSection
	GlobalSection(ProjectConfigurationPlatforms) = postSolution
		{1097DF80-13CC-4A89-A67D-B34447C505F0}.Debug|Any CPU.ActiveCfg = Debug|Any CPU
		{1097DF80-13CC-4A89-A67D-B34447C505F0}.Debug|Any CPU.Build.0 = Debug|Any CPU
		{1097DF80-13CC-4A89-A67D-B34447C505F0}.Release|Any CPU.ActiveCfg = Release|Any CPU
		{1097DF80-13CC-4A89-A67D-B34447C505F0}.Release|Any CPU.Build.0 = Release|Any CPU
	EndGlobalSection
	GlobalSection(SolutionProperties) = preSolution
		HideSolutionNode = FALSE
	EndGlobalSection
	GlobalSection(ExtensibilityGlobals) = postSolution
		SolutionGuid = {8A96F397-8DB6-4672-AE48-DC8845A3A608}
	EndGlobalSection
EndGlobal
