
Microsoft Visual Studio Solution File, Format Version 12.00
# Visual Studio 15
VisualStudioVersion = 15.0.27703.2047
MinimumVisualStudioVersion = 10.0.40219.1
Project("{FAE04EC0-301F-11D3-BF4B-00C04F79EFBC}") = "Members", "Members\Members.csproj", "{75383EA1-9E72-4FBC-8593-7488679C7E0D}"
EndProject
Global
	GlobalSection(SolutionConfigurationPlatforms) = preSolution
		Debug|Any CPU = Debug|Any CPU
		Release|Any CPU = Release|Any CPU
	EndGlobalSection
	GlobalSection(ProjectConfigurationPlatforms) = postSolution
		{75383EA1-9E72-4FBC-8593-7488679C7E0D}.Debug|Any CPU.ActiveCfg = Debug|Any CPU
		{75383EA1-9E72-4FBC-8593-7488679C7E0D}.Debug|Any CPU.Build.0 = Debug|Any CPU
		{75383EA1-9E72-4FBC-8593-7488679C7E0D}.Release|Any CPU.ActiveCfg = Release|Any CPU
		{75383EA1-9E72-4FBC-8593-7488679C7E0D}.Release|Any CPU.Build.0 = Release|Any CPU
	EndGlobalSection
	GlobalSection(SolutionProperties) = preSolution
		HideSolutionNode = FALSE
	EndGlobalSection
	GlobalSection(ExtensibilityGlobals) = postSolution
		SolutionGuid = {7C1E5B26-94F5-4004-8F12-FA2E9ECF6712}
	EndGlobalSection
EndGlobal
